// !$*UTF8*$!
{
	archiveVersion = 1;
	classes = {
	};
	objectVersion = 46;
	objects = {

/* Begin PBXBuildFile section */
		3F45033A1DE7364500595AAB /* AppDelegate.swift in Sources */ = {isa = PBXBuildFile; fileRef = 3F4503391DE7364500595AAB /* AppDelegate.swift */; };
		3F45033C1DE7364500595AAB /* GameScene.sks in Resources */ = {isa = PBXBuildFile; fileRef = 3F45033B1DE7364500595AAB /* GameScene.sks */; };
		3F45033E1DE7364500595AAB /* Actions.sks in Resources */ = {isa = PBXBuildFile; fileRef = 3F45033D1DE7364500595AAB /* Actions.sks */; };
		3F4503401DE7364500595AAB /* GameScene.swift in Sources */ = {isa = PBXBuildFile; fileRef = 3F45033F1DE7364500595AAB /* GameScene.swift */; };
		3F4503421DE7364500595AAB /* GameViewController.swift in Sources */ = {isa = PBXBuildFile; fileRef = 3F4503411DE7364500595AAB /* GameViewController.swift */; };
		3F4503451DE7364500595AAB /* Main.storyboard in Resources */ = {isa = PBXBuildFile; fileRef = 3F4503431DE7364500595AAB /* Main.storyboard */; };
		3F4503471DE7364500595AAB /* Assets.xcassets in Resources */ = {isa = PBXBuildFile; fileRef = 3F4503461DE7364500595AAB /* Assets.xcassets */; };
		3F45034A1DE7364500595AAB /* LaunchScreen.storyboard in Resources */ = {isa = PBXBuildFile; fileRef = 3F4503481DE7364500595AAB /* LaunchScreen.storyboard */; };
/* End PBXBuildFile section */

/* Begin PBXFileReference section */
		3F4503361DE7364500595AAB /* 2017.app */ = {isa = PBXFileReference; explicitFileType = wrapper.application; includeInIndex = 0; path = 2017.app; sourceTree = BUILT_PRODUCTS_DIR; };
		3F4503391DE7364500595AAB /* AppDelegate.swift */ = {isa = PBXFileReference; lastKnownFileType = sourcecode.swift; path = AppDelegate.swift; sourceTree = "<group>"; };
		3F45033B1DE7364500595AAB /* GameScene.sks */ = {isa = PBXFileReference; lastKnownFileType = file.sks; path = GameScene.sks; sourceTree = "<group>"; };
		3F45033D1DE7364500595AAB /* Actions.sks */ = {isa = PBXFileReference; lastKnownFileType = file.sks; path = Actions.sks; sourceTree = "<group>"; };
		3F45033F1DE7364500595AAB /* GameScene.swift */ = {isa = PBXFileReference; lastKnownFileType = sourcecode.swift; path = GameScene.swift; sourceTree = "<group>"; };
		3F4503411DE7364500595AAB /* GameViewController.swift */ = {isa = PBXFileReference; lastKnownFileType = sourcecode.swift; path = GameViewController.swift; sourceTree = "<group>"; };
		3F4503441DE7364500595AAB /* Base */ = {isa = PBXFileReference; lastKnownFileType = file.storyboard; name = Base; path = Base.lproj/Main.storyboard; sourceTree = "<group>"; };
		3F4503461DE7364500595AAB /* Assets.xcassets */ = {isa = PBXFileReference; lastKnownFileType = folder.assetcatalog; path = Assets.xcassets; sourceTree = "<group>"; };
		3F4503491DE7364500595AAB /* Base */ = {isa = PBXFileReference; lastKnownFileType = file.storyboard; name = Base; path = Base.lproj/LaunchScreen.storyboard; sourceTree = "<group>"; };
		3F45034B1DE7364500595AAB /* Info.plist */ = {isa = PBXFileReference; lastKnownFileType = text.plist.xml; path = Info.plist; sourceTree = "<group>"; };
/* End PBXFileReference section */

/* Begin PBXFrameworksBuildPhase section */
		3F4503331DE7364500595AAB /* Frameworks */ = {
			isa = PBXFrameworksBuildPhase;
			buildActionMask = 2147483647;
			files = (
			);
			runOnlyForDeploymentPostprocessing = 0;
		};
/* End PBXFrameworksBuildPhase section */

/* Begin PBXGroup section */
		3F45032D1DE7364400595AAB = {
			isa = PBXGroup;
			children = (
				3F4503381DE7364500595AAB /* 2017 */,
				3F4503371DE7364500595AAB /* Products */,
			);
			sourceTree = "<group>";
		};
		3F4503371DE7364500595AAB /* Products */ = {
			isa = PBXGroup;
			children = (
				3F4503361DE7364500595AAB /* 2017.app */,
			);
			name = Products;
			sourceTree = "<group>";
		};
		3F4503381DE7364500595AAB /* 2017 */ = {
			isa = PBXGroup;
			children = (
				3F4503391DE7364500595AAB /* AppDelegate.swift */,
				3F45033B1DE7364500595AAB /* GameScene.sks */,
				3F45033D1DE7364500595AAB /* Actions.sks */,
				3F45033F1DE7364500595AAB /* GameScene.swift */,
				3F4503411DE7364500595AAB /* GameViewController.swift */,
				3F4503431DE7364500595AAB /* Main.storyboard */,
				3F4503461DE7364500595AAB /* Assets.xcassets */,
				3F4503481DE7364500595AAB /* LaunchScreen.storyboard */,
				3F45034B1DE7364500595AAB /* Info.plist */,
			);
			path = 2017;
			sourceTree = "<group>";
		};
/* End PBXGroup section */

/* Begin PBXNativeTarget section */
		3F4503351DE7364500595AAB /* 2017 */ = {
			isa = PBXNativeTarget;
			buildConfigurationList = 3F45034E1DE7364500595AAB /* Build configuration list for PBXNativeTarget "2017" */;
			buildPhases = (
				3F4503321DE7364500595AAB /* Sources */,
				3F4503331DE7364500595AAB /* Frameworks */,
				3F4503341DE7364500595AAB /* Resources */,
			);
			buildRules = (
			);
			dependencies = (
			);
			name = 2017;
			productName = 2017;
			productReference = 3F4503361DE7364500595AAB /* 2017.app */;
			productType = "com.apple.product-type.application";
		};
/* End PBXNativeTarget section */

/* Begin PBXProject section */
		3F45032E1DE7364400595AAB /* Project object */ = {
			isa = PBXProject;
			attributes = {
				LastSwiftUpdateCheck = 0810;
				LastUpgradeCheck = 0810;
				ORGANIZATIONNAME = Student;
				TargetAttributes = {
					3F4503351DE7364500595AAB = {
						CreatedOnToolsVersion = 8.1;
						ProvisioningStyle = Automatic;
					};
				};
			};
			buildConfigurationList = 3F4503311DE7364400595AAB /* Build configuration list for PBXProject "2017" */;
			compatibilityVersion = "Xcode 3.2";
			developmentRegion = English;
			hasScannedForEncodings = 0;
			knownRegions = (
				en,
				Base,
			);
			mainGroup = 3F45032D1DE7364400595AAB;
			productRefGroup = 3F4503371DE7364500595AAB /* Products */;
			projectDirPath = "";
			projectRoot = "";
			targets = (
				3F4503351DE7364500595AAB /* 2017 */,
			);
		};
/* End PBXProject section */

/* Begin PBXResourcesBuildPhase section */
		3F4503341DE7364500595AAB /* Resources */ = {
			isa = PBXResourcesBuildPhase;
			buildActionMask = 2147483647;
			files = (
				3F4503451DE7364500595AAB /* Main.storyboard in Resources */,
				3F45033C1DE7364500595AAB /* GameScene.sks in Resources */,
				3F4503471DE7364500595AAB /* Assets.xcassets in Resources */,
				3F45034A1DE7364500595AAB /* LaunchScreen.storyboard in Resources */,
				3F45033E1DE7364500595AAB /* Actions.sks in Resources */,
			);
			runOnlyForDeploymentPostprocessing = 0;
		};
/* End PBXResourcesBuildPhase section */

/* Begin PBXSourcesBuildPhase section */
		3F4503321DE7364500595AAB /* Sources */ = {
			isa = PBXSourcesBuildPhase;
			buildActionMask = 2147483647;
			files = (
				3F4503401DE7364500595AAB /* GameScene.swift in Sources */,
				3F4503421DE7364500595AAB /* GameViewController.swift in Sources */,
				3F45033A1DE7364500595AAB /* AppDelegate.swift in Sources */,
			);
			runOnlyForDeploymentPostprocessing = 0;
		};
/* End PBXSourcesBuildPhase section */

/* Begin PBXVariantGroup section */
		3F4503431DE7364500595AAB /* Main.storyboard */ = {
			isa = PBXVariantGroup;
			children = (
				3F4503441DE7364500595AAB /* Base */,
			);
			name = Main.storyboard;
			sourceTree = "<group>";
		};
		3F4503481DE7364500595AAB /* LaunchScreen.storyboard */ = {
			isa = PBXVariantGroup;
			children = (
				3F4503491DE7364500595AAB /* Base */,
			);
			name = LaunchScreen.storyboard;
			sourceTree = "<group>";
		};
/* End PBXVariantGroup section */

/* Begin XCBuildConfiguration section */
		3F45034C1DE7364500595AAB /* Debug */ = {
			isa = XCBuildConfiguration;
			buildSettings = {
				ALWAYS_SEARCH_USER_PATHS = NO;
				CLANG_ANALYZER_NONNULL = YES;
				CLANG_CXX_LANGUAGE_STANDARD = "gnu++0x";
				CLANG_CXX_LIBRARY = "libc++";
				CLANG_ENABLE_MODULES = YES;
				CLANG_ENABLE_OBJC_ARC = YES;
				CLANG_WARN_BOOL_CONVERSION = YES;
				CLANG_WARN_CONSTANT_CONVERSION = YES;
				CLANG_WARN_DIRECT_OBJC_ISA_USAGE = YES_ERROR;
				CLANG_WARN_DOCUMENTATION_COMMENTS = YES;
				CLANG_WARN_EMPTY_BODY = YES;
				CLANG_WARN_ENUM_CONVERSION = YES;
				CLANG_WARN_INFINITE_RECURSION = YES;
				CLANG_WARN_INT_CONVERSION = YES;
				CLANG_WARN_OBJC_ROOT_CLASS = YES_ERROR;
				CLANG_WARN_SUSPICIOUS_MOVES = YES;
				CLANG_WARN_UNREACHABLE_CODE = YES;
				CLANG_WARN__DUPLICATE_METHOD_MATCH = YES;
				"CODE_SIGN_IDENTITY[sdk=iphoneos*]" = "iPhone Developer";
				COPY_PHASE_STRIP = NO;
				DEBUG_INFORMATION_FORMAT = dwarf;
				ENABLE_STRICT_OBJC_MSGSEND = YES;
				ENABLE_TESTABILITY = YES;
				GCC_C_LANGUAGE_STANDARD = gnu99;
				GCC_DYNAMIC_NO_PIC = NO;
				GCC_NO_COMMON_BLOCKS = YES;
				GCC_OPTIMIZATION_LEVEL = 0;
				GCC_PREPROCESSOR_DEFINITIONS = (
					"DEBUG=1",
					"$(inherited)",
				);
				GCC_WARN_64_TO_32_BIT_CONVERSION = YES;
				GCC_WARN_ABOUT_RETURN_TYPE = YES_ERROR;
				GCC_WARN_UNDECLARED_SELECTOR = YES;
				GCC_WARN_UNINITIALIZED_AUTOS = YES_AGGRESSIVE;
				GCC_WARN_UNUSED_FUNCTION = YES;
				GCC_WARN_UNUSED_VARIABLE = YES;
				IPHONEOS_DEPLOYMENT_TARGET = 10.1;
				MTL_ENABLE_DEBUG_INFO = YES;
				ONLY_ACTIVE_ARCH = YES;
				SDKROOT = iphoneos;
				SWIFT_ACTIVE_COMPILATION_CONDITIONS = DEBUG;
				SWIFT_OPTIMIZATION_LEVEL = "-Onone";
			};
			name = Debug;
		};
		3F45034D1DE7364500595AAB /* Release */ = {
			isa = XCBuildConfiguration;
			buildSettings = {
				ALWAYS_SEARCH_USER_PATHS = NO;
				CLANG_ANALYZER_NONNULL = YES;
				CLANG_CXX_LANGUAGE_STANDARD = "gnu++0x";
				CLANG_CXX_LIBRARY = "libc++";
				CLANG_ENABLE_MODULES = YES;
				CLANG_ENABLE_OBJC_ARC = YES;
				CLANG_WARN_BOOL_CONVERSION = YES;
				CLANG_WARN_CONSTANT_CONVERSION = YES;
				CLANG_WARN_DIRECT_OBJC_ISA_USAGE = YES_ERROR;
				CLANG_WARN_DOCUMENTATION_COMMENTS = YES;
				CLANG_WARN_EMPTY_BODY = YES;
				CLANG_WARN_ENUM_CONVERSION = YES;
				CLANG_WARN_INFINITE_RECURSION = YES;
				CLANG_WARN_INT_CONVERSION = YES;
				CLANG_WARN_OBJC_ROOT_CLASS = YES_ERROR;
				CLANG_WARN_SUSPICIOUS_MOVES = YES;
				CLANG_WARN_UNREACHABLE_CODE = YES;
				CLANG_WARN__DUPLICATE_METHOD_MATCH = YES;
				"CODE_SIGN_IDENTITY[sdk=iphoneos*]" = "iPhone Developer";
				COPY_PHASE_STRIP = NO;
				DEBUG_INFORMATION_FORMAT = "dwarf-with-dsym";
				ENABLE_NS_ASSERTIONS = NO;
				ENABLE_STRICT_OBJC_MSGSEND = YES;
				GCC_C_LANGUAGE_STANDARD = gnu99;
				GCC_NO_COMMON_BLOCKS = YES;
				GCC_WARN_64_TO_32_BIT_CONVERSION = YES;
				GCC_WARN_ABOUT_RETURN_TYPE = YES_ERROR;
				GCC_WARN_UNDECLARED_SELECTOR = YES;
				GCC_WARN_UNINITIALIZED_AUTOS = YES_AGGRESSIVE;
				GCC_WARN_UNUSED_FUNCTION = YES;
				GCC_WARN_UNUSED_VARIABLE = YES;
				IPHONEOS_DEPLOYMENT_TARGET = 10.1;
				MTL_ENABLE_DEBUG_INFO = NO;
				SDKROOT = iphoneos;
				SWIFT_OPTIMIZATION_LEVEL = "-Owholemodule";
				VALIDATE_PRODUCT = YES;
			};
			name = Release;
		};
		3F45034F1DE7364500595AAB /* Debug */ = {
			isa = XCBuildConfiguration;
			buildSettings = {
				ASSETCATALOG_COMPILER_APPICON_NAME = AppIcon;
				INFOPLIST_FILE = 2017/Info.plist;
				LD_RUNPATH_SEARCH_PATHS = "$(inherited) @executable_path/Frameworks";
				PRODUCT_BUNDLE_IDENTIFIER = "ca.rsgc.nick.christoffersen.-017";
				PRODUCT_NAME = "$(TARGET_NAME)";
				SWIFT_VERSION = 3.0;
			};
			name = Debug;
		};
		3F4503501DE7364500595AAB /* Release */ = {
			isa = XCBuildConfiguration;
			buildSettings = {
				ASSETCATALOG_COMPILER_APPICON_NAME = AppIcon;
				INFOPLIST_FILE = 2017/Info.plist;
				LD_RUNPATH_SEARCH_PATHS = "$(inherited) @executable_path/Frameworks";
				PRODUCT_BUNDLE_IDENTIFIER = "ca.rsgc.nick.christoffersen.-017";
				PRODUCT_NAME = "$(TARGET_NAME)";
				SWIFT_VERSION = 3.0;
			};
			name = Release;
		};
/* End XCBuildConfiguration section */

/* Begin XCConfigurationList section */
		3F4503311DE7364400595AAB /* Build configuration list for PBXProject "2017" */ = {
			isa = XCConfigurationList;
			buildConfigurations = (
				3F45034C1DE7364500595AAB /* Debug */,
				3F45034D1DE7364500595AAB /* Release */,
			);
			defaultConfigurationIsVisible = 0;
			defaultConfigurationName = Release;
		};
		3F45034E1DE7364500595AAB /* Build configuration list for PBXNativeTarget "2017" */ = {
			isa = XCConfigurationList;
			buildConfigurations = (
				3F45034F1DE7364500595AAB /* Debug */,
				3F4503501DE7364500595AAB /* Release */,
			);
			defaultConfigurationIsVisible = 0;
			defaultConfigurationName = Release;
		};
/* End XCConfigurationList section */
	};
	rootObject = 3F45032E1DE7364400595AAB /* Project object */;
}
